
Microsoft Visual Studio Solution File, Format Version 12.00
# Visual Studio 15
Project("{FAE04EC0-301F-11D3-BF4B-00C04F79EFBC}") = "UnityEngine.TestRunner", "UnityEngine.TestRunner.csproj", "{80FE4DC0-E9E1-47C8-6736-A8E560D0E957}"
EndProject
Project("{FAE04EC0-301F-11D3-BF4B-00C04F79EFBC}") = "UnityEngine.UI", "UnityEngine.UI.csproj", "{6DE0C67A-3AE8-6AD5-F30D-AE61C5EE3B35}"
EndProject
Project("{FAE04EC0-301F-11D3-BF4B-00C04F79EFBC}") = "Unity.VisualScripting.Flow", "Unity.VisualScripting.Flow.csproj", "{C92F33E0-6140-7891-936C-A6CB85E826B6}"
EndProject
Project("{FAE04EC0-301F-11D3-BF4B-00C04F79EFBC}") = "Unity.Mathematics", "Unity.Mathematics.csproj", "{012682BA-FA44-F410-C56F-5A1749829BBF}"
EndProject
Project("{FAE04EC0-301F-11D3-BF4B-00C04F79EFBC}") = "Unity.VisualScripting.State", "Unity.VisualScripting.State.csproj", "{49AB3505-F698-6846-59C6-32E768D3466D}"
EndProject
Project("{FAE04EC0-301F-11D3-BF4B-00C04F79EFBC}") = "Unity.VisualScripting.Core", "Unity.VisualScripting.Core.csproj", "{FD1F29B4-9281-5E3B-A2FD-49B485A2B5E6}"
EndProject
Project("{FAE04EC0-301F-11D3-BF4B-00C04F79EFBC}") = "Assembly-CSharp", "Assembly-CSharp.csproj", "{BDBFD9CE-3F05-B7A0-F941-258F566EEAF3}"
EndProject
Project("{FAE04EC0-301F-11D3-BF4B-00C04F79EFBC}") = "Unity.2D.Animation.Runtime", "Unity.2D.Animation.Runtime.csproj", "{065AD40D-8C43-732D-9646-CDF938163FBB}"
EndProject
Project("{FAE04EC0-301F-11D3-BF4B-00C04F79EFBC}") = "Unity.TextMeshPro", "Unity.TextMeshPro.csproj", "{C614116E-D001-A2AE-71BE-372159B43A73}"
EndProject
Project("{FAE04EC0-301F-11D3-BF4B-00C04F79EFBC}") = "Unity.Timeline", "Unity.Timeline.csproj", "{0095007C-E722-C980-58F0-A2F9B9EF9307}"
EndProject
Project("{FAE04EC0-301F-11D3-BF4B-00C04F79EFBC}") = "Unity.Burst", "Unity.Burst.csproj", "{255ED572-BE0E-6BDA-0161-76327FAC8582}"
EndProject
Project("{FAE04EC0-301F-11D3-BF4B-00C04F79EFBC}") = "Unity.2D.SpriteShape.Runtime", "Unity.2D.SpriteShape.Runtime.csproj", "{82DCEFDF-45A5-37CC-02A0-D1B1EEC2152E}"
EndProject
Project("{FAE04EC0-301F-11D3-BF4B-00C04F79EFBC}") = "Unity.2D.PixelPerfect", "Unity.2D.PixelPerfect.csproj", "{2FEA981E-D232-E302-8783-27A31B202AE9}"
EndProject
Project("{FAE04EC0-301F-11D3-BF4B-00C04F79EFBC}") = "Unity.2D.Common.Runtime", "Unity.2D.Common.Runtime.csproj", "{C8EB8C44-0986-CFCE-0C40-C34CFF772C8A}"
EndProject
Project("{FAE04EC0-301F-11D3-BF4B-00C04F79EFBC}") = "Unity.2D.IK.Runtime", "Unity.2D.IK.Runtime.csproj", "{1F8E9F56-24BB-6333-F3DC-62625D99146D}"
EndProject
Project("{FAE04EC0-301F-11D3-BF4B-00C04F79EFBC}") = "Unity.2D.Tilemap.Extras", "Unity.2D.Tilemap.Extras.csproj", "{8F5454ED-C7F1-825E-A93B-B02C4E944B8C}"
EndProject
Project("{FAE04EC0-301F-11D3-BF4B-00C04F79EFBC}") = "Unity.InternalAPIEngineBridge.001", "Unity.InternalAPIEngineBridge.001.csproj", "{83B3A579-53F2-0AE3-3F84-4E3EAC1170B5}"
EndProject
Project("{FAE04EC0-301F-11D3-BF4B-00C04F79EFBC}") = "TTWebGL", "TTWebGL.csproj", "{A05C2AFD-AAFF-16C3-F059-5CFDA24B367E}"
EndProject
Project("{FAE04EC0-301F-11D3-BF4B-00C04F79EFBC}") = "TTLitJson", "TTLitJson.csproj", "{61CACC67-9F60-BFC6-92BB-E188F18EEC05}"
EndProject
Project("{FAE04EC0-301F-11D3-BF4B-00C04F79EFBC}") = "Unity.PlasticSCM.Editor", "Unity.PlasticSCM.Editor.csproj", "{2E6C4182-39B9-7B9D-2CB2-BFB989CA84FC}"
EndProject
Project("{FAE04EC0-301F-11D3-BF4B-00C04F79EFBC}") = "Unity.VisualScripting.Core.Editor", "Unity.VisualScripting.Core.Editor.csproj", "{F1225939-E1A0-F7F4-CA77-8B7E416A735C}"
EndProject
Project("{FAE04EC0-301F-11D3-BF4B-00C04F79EFBC}") = "Unity.VisualScripting.Flow.Editor", "Unity.VisualScripting.Flow.Editor.csproj", "{BEFD7769-B8CA-C382-DD9E-636DD8608E0D}"
EndProject
Project("{FAE04EC0-301F-11D3-BF4B-00C04F79EFBC}") = "Unity.2D.Aseprite.Editor", "Unity.2D.Aseprite.Editor.csproj", "{FD1A23E8-8E08-DF35-C995-9EF440290226}"
EndProject
Project("{FAE04EC0-301F-11D3-BF4B-00C04F79EFBC}") = "Unity.VisualStudio.Editor", "Unity.VisualStudio.Editor.csproj", "{53B3F1C9-D343-A9F9-5FAB-E0E1568BAE6F}"
EndProject
Project("{FAE04EC0-301F-11D3-BF4B-00C04F79EFBC}") = "Unity.Timeline.Editor", "Unity.Timeline.Editor.csproj", "{344D81B3-E728-CCF6-1234-C27A4323B325}"
EndProject
Project("{FAE04EC0-301F-11D3-BF4B-00C04F79EFBC}") = "Unity.Burst.CodeGen", "Unity.Burst.CodeGen.csproj", "{7497D19C-B8CD-0990-BD86-E588307EEE97}"
EndProject
Project("{FAE04EC0-301F-11D3-BF4B-00C04F79EFBC}") = "Unity.VisualScripting.State.Editor", "Unity.VisualScripting.State.Editor.csproj", "{32A5CCBF-8FB3-369A-F37C-CB0355519CF1}"
EndProject
Project("{FAE04EC0-301F-11D3-BF4B-00C04F79EFBC}") = "Unity.TextMeshPro.Editor", "Unity.TextMeshPro.Editor.csproj", "{6F715E21-F821-831B-C009-51783FDC204D}"
EndProject
Project("{FAE04EC0-301F-11D3-BF4B-00C04F79EFBC}") = "Unity.Burst.Editor", "Unity.Burst.Editor.csproj", "{487B30DD-60D2-9618-BE25-0E5033661B22}"
EndProject
Project("{FAE04EC0-301F-11D3-BF4B-00C04F79EFBC}") = "Unity.2D.PixelPerfect.Editor", "Unity.2D.PixelPerfect.Editor.csproj", "{52EF297D-0CEA-A001-23A3-7FA3BBE72A2D}"
EndProject
Project("{FAE04EC0-301F-11D3-BF4B-00C04F79EFBC}") = "Unity.2D.Animation.Editor", "Unity.2D.Animation.Editor.csproj", "{FF789D9E-46DD-3CC6-DB11-DA99D1C40BCA}"
EndProject
Project("{FAE04EC0-301F-11D3-BF4B-00C04F79EFBC}") = "Unity.VisualScripting.SettingsProvider.Editor", "Unity.VisualScripting.SettingsProvider.Editor.csproj", "{6C552633-B42E-24F2-36E7-2F51BEB8AD36}"
EndProject
Project("{FAE04EC0-301F-11D3-BF4B-00C04F79EFBC}") = "Unity.2D.Psdimporter.Editor", "Unity.2D.Psdimporter.Editor.csproj", "{53E8E234-92F5-DB0E-720B-1D464370F787}"
EndProject
Project("{FAE04EC0-301F-11D3-BF4B-00C04F79EFBC}") = "UnityEditor.TestRunner", "UnityEditor.TestRunner.csproj", "{A2BEC932-98AD-8E9B-F884-D7FF54988701}"
EndProject
Project("{FAE04EC0-301F-11D3-BF4B-00C04F79EFBC}") = "Unity.2D.Tilemap.Editor", "Unity.2D.Tilemap.Editor.csproj", "{677BE2D9-58BA-7B5E-9C3D-68CF1D38C9AF}"
EndProject
Project("{FAE04EC0-301F-11D3-BF4B-00C04F79EFBC}") = "Unity.Rider.Editor", "Unity.Rider.Editor.csproj", "{43C0D1B0-FFB6-AE2E-6E3F-DA564AE9C6BE}"
EndProject
Project("{FAE04EC0-301F-11D3-BF4B-00C04F79EFBC}") = "Unity.2D.Path.Editor", "Unity.2D.Path.Editor.csproj", "{3C5FD4DC-7079-5D38-4D14-E167C2CD7E69}"
EndProject
Project("{FAE04EC0-301F-11D3-BF4B-00C04F79EFBC}") = "PsdPlugin", "PsdPlugin.csproj", "{80D3BBFB-FF04-2E3B-38C9-7F16AEF3C75E}"
EndProject
Project("{FAE04EC0-301F-11D3-BF4B-00C04F79EFBC}") = "Unity.2D.IK.Editor", "Unity.2D.IK.Editor.csproj", "{7A8B4B5C-E584-2FF1-2466-40CF6329DB57}"
EndProject
Project("{FAE04EC0-301F-11D3-BF4B-00C04F79EFBC}") = "Unity.2D.SpriteShape.Editor", "Unity.2D.SpriteShape.Editor.csproj", "{3EE9CB61-B385-9873-172F-99400BD5E404}"
EndProject
Project("{FAE04EC0-301F-11D3-BF4B-00C04F79EFBC}") = "Unity.VSCode.Editor", "Unity.VSCode.Editor.csproj", "{69274456-DC5B-A1D4-1A2B-1AE17A95D2BE}"
EndProject
Project("{FAE04EC0-301F-11D3-BF4B-00C04F79EFBC}") = "Unity.2D.Sprite.Editor", "Unity.2D.Sprite.Editor.csproj", "{BCD55B2F-326D-1AE8-3FEF-F42DC25AB4FF}"
EndProject
Project("{FAE04EC0-301F-11D3-BF4B-00C04F79EFBC}") = "UnityEditor.UI", "UnityEditor.UI.csproj", "{61EA23BC-001A-DFB6-5A09-63C4FDF08ABD}"
EndProject
Project("{FAE04EC0-301F-11D3-BF4B-00C04F79EFBC}") = "Unity.2D.Common.Editor", "Unity.2D.Common.Editor.csproj", "{BDC38448-9E69-1348-C757-08407E5C726A}"
EndProject
Project("{FAE04EC0-301F-11D3-BF4B-00C04F79EFBC}") = "Unity.CollabProxy.Editor", "Unity.CollabProxy.Editor.csproj", "{672F3BC1-9561-3665-2923-F3CC23F67DC6}"
EndProject
Project("{FAE04EC0-301F-11D3-BF4B-00C04F79EFBC}") = "Unity.Mathematics.Editor", "Unity.Mathematics.Editor.csproj", "{3D85B7D2-CE57-0B7E-5C9C-382A1738A62D}"
EndProject
Project("{FAE04EC0-301F-11D3-BF4B-00C04F79EFBC}") = "Unity.InternalAPIEditorBridge.001", "Unity.InternalAPIEditorBridge.001.csproj", "{97A42DE4-278F-CE7A-B3C4-918A1441F2ED}"
EndProject
Project("{FAE04EC0-301F-11D3-BF4B-00C04F79EFBC}") = "Unity.2D.Tilemap.Extras.Editor", "Unity.2D.Tilemap.Extras.Editor.csproj", "{7A7FD3F5-B3E1-34D1-312C-B220B20BC298}"
EndProject
Project("{FAE04EC0-301F-11D3-BF4B-00C04F79EFBC}") = "Unity.VisualScripting.Shared.Editor", "Unity.VisualScripting.Shared.Editor.csproj", "{A8FB2718-62CF-34F5-76D9-AC0966267D04}"
EndProject
Project("{FAE04EC0-301F-11D3-BF4B-00C04F79EFBC}") = "Unity.2D.Aseprite.Common", "Unity.2D.Aseprite.Common.csproj", "{F55D6066-A651-428A-23AC-EE140DF95C23}"
EndProject
Project("{FAE04EC0-301F-11D3-BF4B-00C04F79EFBC}") = "com.bytedance.ttsdk-editor", "com.bytedance.ttsdk-editor.csproj", "{8CBDA162-0E5B-A871-35F9-7134E763F60F}"
EndProject
Project("{FAE04EC0-301F-11D3-BF4B-00C04F79EFBC}") = "UnityEngine.TestRunner", "UnityEngine.TestRunner.Player.csproj", "{1A30E49F-C6BC-B602-ECD3-79B49BA3765E}"
EndProject
Project("{FAE04EC0-301F-11D3-BF4B-00C04F79EFBC}") = "UnityEngine.UI", "UnityEngine.UI.Player.csproj", "{CA68A33D-DD69-70AF-2E64-480D86302B48}"
EndProject
Project("{FAE04EC0-301F-11D3-BF4B-00C04F79EFBC}") = "Unity.VisualScripting.Flow", "Unity.VisualScripting.Flow.Player.csproj", "{775FADAD-D261-DE2C-6B80-CC46B747677F}"
EndProject
Project("{FAE04EC0-301F-11D3-BF4B-00C04F79EFBC}") = "Unity.Mathematics", "Unity.Mathematics.Player.csproj", "{B63D50A1-78B5-7202-041A-A91725999E63}"
EndProject
Project("{FAE04EC0-301F-11D3-BF4B-00C04F79EFBC}") = "Unity.VisualScripting.State", "Unity.VisualScripting.State.Player.csproj", "{578C8D43-7777-81BC-21A4-C92293AFEF98}"
EndProject
Project("{FAE04EC0-301F-11D3-BF4B-00C04F79EFBC}") = "Unity.VisualScripting.Core", "Unity.VisualScripting.Core.Player.csproj", "{8C12E26F-B392-4468-3355-98E3B4EE46F9}"
EndProject
Project("{FAE04EC0-301F-11D3-BF4B-00C04F79EFBC}") = "Assembly-CSharp", "Assembly-CSharp.Player.csproj", "{EDAB6C19-FCD5-E915-08B6-D2ACA0181B0A}"
EndProject
Project("{FAE04EC0-301F-11D3-BF4B-00C04F79EFBC}") = "Unity.2D.Animation.Runtime", "Unity.2D.Animation.Runtime.Player.csproj", "{CEE6D8F2-B1B2-5056-A11C-9514737DF8D1}"
EndProject
Project("{FAE04EC0-301F-11D3-BF4B-00C04F79EFBC}") = "Unity.TextMeshPro", "Unity.TextMeshPro.Player.csproj", "{9C96B20C-C334-660B-67E2-84B189F6A0DB}"
EndProject
Project("{FAE04EC0-301F-11D3-BF4B-00C04F79EFBC}") = "Unity.Timeline", "Unity.Timeline.Player.csproj", "{F808F0EA-95A4-88FE-5153-BDB5317811C4}"
EndProject
Project("{FAE04EC0-301F-11D3-BF4B-00C04F79EFBC}") = "Unity.Burst", "Unity.Burst.Player.csproj", "{079FEDAA-6669-27CC-280D-0E6CC0860918}"
EndProject
Project("{FAE04EC0-301F-11D3-BF4B-00C04F79EFBC}") = "Unity.2D.SpriteShape.Runtime", "Unity.2D.SpriteShape.Runtime.Player.csproj", "{B530A5B2-D32D-F4C4-6190-F8FDDA0A2C12}"
EndProject
Project("{FAE04EC0-301F-11D3-BF4B-00C04F79EFBC}") = "Unity.2D.PixelPerfect", "Unity.2D.PixelPerfect.Player.csproj", "{297FB347-DFA6-D0C3-AA87-287D23BC7381}"
EndProject
Project("{FAE04EC0-301F-11D3-BF4B-00C04F79EFBC}") = "Unity.2D.Common.Runtime", "Unity.2D.Common.Runtime.Player.csproj", "{6442956A-8EE7-62B3-26F0-CE8B2BB94D91}"
EndProject
Project("{FAE04EC0-301F-11D3-BF4B-00C04F79EFBC}") = "Unity.2D.IK.Runtime", "Unity.2D.IK.Runtime.Player.csproj", "{9E58A605-44B6-DAAC-C3F9-872020BC7E41}"
EndProject
Project("{FAE04EC0-301F-11D3-BF4B-00C04F79EFBC}") = "Unity.2D.Tilemap.Extras", "Unity.2D.Tilemap.Extras.Player.csproj", "{30998244-FF66-D55D-F768-80608AD49C3B}"
EndProject
Project("{FAE04EC0-301F-11D3-BF4B-00C04F79EFBC}") = "Unity.InternalAPIEngineBridge.001", "Unity.InternalAPIEngineBridge.001.Player.csproj", "{855F6F25-67B6-B0D4-3085-D10FAE2EE70F}"
EndProject
Project("{FAE04EC0-301F-11D3-BF4B-00C04F79EFBC}") = "TTWebGL", "TTWebGL.Player.csproj", "{A434E438-2CF0-6B7B-1F9F-133D5833B6A6}"
EndProject
Project("{FAE04EC0-301F-11D3-BF4B-00C04F79EFBC}") = "TTLitJson", "TTLitJson.Player.csproj", "{7DC2C945-336D-E643-D7D3-2BC03DECC502}"
EndProject
Global
	GlobalSection(SolutionConfigurationPlatforms) = preSolution
		Debug|Any CPU = Debug|Any CPU
		Release|Any CPU = Release|Any CPU
	EndGlobalSection
	GlobalSection(ProjectConfigurationPlatforms) = postSolution
		{80FE4DC0-E9E1-47C8-6736-A8E560D0E957}.Debug|Any CPU.ActiveCfg = Debug|Any CPU
		{80FE4DC0-E9E1-47C8-6736-A8E560D0E957}.Debug|Any CPU.Build.0 = Debug|Any CPU
		{80FE4DC0-E9E1-47C8-6736-A8E560D0E957}.Release|Any CPU.ActiveCfg = Release|Any CPU
		{80FE4DC0-E9E1-47C8-6736-A8E560D0E957}.Release|Any CPU.Build.0 = Release|Any CPU
		{6DE0C67A-3AE8-6AD5-F30D-AE61C5EE3B35}.Debug|Any CPU.ActiveCfg = Debug|Any CPU
		{6DE0C67A-3AE8-6AD5-F30D-AE61C5EE3B35}.Debug|Any CPU.Build.0 = Debug|Any CPU
		{6DE0C67A-3AE8-6AD5-F30D-AE61C5EE3B35}.Release|Any CPU.ActiveCfg = Release|Any CPU
		{6DE0C67A-3AE8-6AD5-F30D-AE61C5EE3B35}.Release|Any CPU.Build.0 = Release|Any CPU
		{C92F33E0-6140-7891-936C-A6CB85E826B6}.Debug|Any CPU.ActiveCfg = Debug|Any CPU
		{C92F33E0-6140-7891-936C-A6CB85E826B6}.Debug|Any CPU.Build.0 = Debug|Any CPU
		{C92F33E0-6140-7891-936C-A6CB85E826B6}.Release|Any CPU.ActiveCfg = Release|Any CPU
		{C92F33E0-6140-7891-936C-A6CB85E826B6}.Release|Any CPU.Build.0 = Release|Any CPU
		{012682BA-FA44-F410-C56F-5A1749829BBF}.Debug|Any CPU.ActiveCfg = Debug|Any CPU
		{012682BA-FA44-F410-C56F-5A1749829BBF}.Debug|Any CPU.Build.0 = Debug|Any CPU
		{012682BA-FA44-F410-C56F-5A1749829BBF}.Release|Any CPU.ActiveCfg = Release|Any CPU
		{012682BA-FA44-F410-C56F-5A1749829BBF}.Release|Any CPU.Build.0 = Release|Any CPU
		{49AB3505-F698-6846-59C6-32E768D3466D}.Debug|Any CPU.ActiveCfg = Debug|Any CPU
		{49AB3505-F698-6846-59C6-32E768D3466D}.Debug|Any CPU.Build.0 = Debug|Any CPU
		{49AB3505-F698-6846-59C6-32E768D3466D}.Release|Any CPU.ActiveCfg = Release|Any CPU
		{49AB3505-F698-6846-59C6-32E768D3466D}.Release|Any CPU.Build.0 = Release|Any CPU
		{FD1F29B4-9281-5E3B-A2FD-49B485A2B5E6}.Debug|Any CPU.ActiveCfg = Debug|Any CPU
		{FD1F29B4-9281-5E3B-A2FD-49B485A2B5E6}.Debug|Any CPU.Build.0 = Debug|Any CPU
		{FD1F29B4-9281-5E3B-A2FD-49B485A2B5E6}.Release|Any CPU.ActiveCfg = Release|Any CPU
		{FD1F29B4-9281-5E3B-A2FD-49B485A2B5E6}.Release|Any CPU.Build.0 = Release|Any CPU
		{BDBFD9CE-3F05-B7A0-F941-258F566EEAF3}.Debug|Any CPU.ActiveCfg = Debug|Any CPU
		{BDBFD9CE-3F05-B7A0-F941-258F566EEAF3}.Debug|Any CPU.Build.0 = Debug|Any CPU
		{BDBFD9CE-3F05-B7A0-F941-258F566EEAF3}.Release|Any CPU.ActiveCfg = Release|Any CPU
		{BDBFD9CE-3F05-B7A0-F941-258F566EEAF3}.Release|Any CPU.Build.0 = Release|Any CPU
		{065AD40D-8C43-732D-9646-CDF938163FBB}.Debug|Any CPU.ActiveCfg = Debug|Any CPU
		{065AD40D-8C43-732D-9646-CDF938163FBB}.Debug|Any CPU.Build.0 = Debug|Any CPU
		{065AD40D-8C43-732D-9646-CDF938163FBB}.Release|Any CPU.ActiveCfg = Release|Any CPU
		{065AD40D-8C43-732D-9646-CDF938163FBB}.Release|Any CPU.Build.0 = Release|Any CPU
		{C614116E-D001-A2AE-71BE-372159B43A73}.Debug|Any CPU.ActiveCfg = Debug|Any CPU
		{C614116E-D001-A2AE-71BE-372159B43A73}.Debug|Any CPU.Build.0 = Debug|Any CPU
		{C614116E-D001-A2AE-71BE-372159B43A73}.Release|Any CPU.ActiveCfg = Release|Any CPU
		{C614116E-D001-A2AE-71BE-372159B43A73}.Release|Any CPU.Build.0 = Release|Any CPU
		{0095007C-E722-C980-58F0-A2F9B9EF9307}.Debug|Any CPU.ActiveCfg = Debug|Any CPU
		{0095007C-E722-C980-58F0-A2F9B9EF9307}.Debug|Any CPU.Build.0 = Debug|Any CPU
		{0095007C-E722-C980-58F0-A2F9B9EF9307}.Release|Any CPU.ActiveCfg = Release|Any CPU
		{0095007C-E722-C980-58F0-A2F9B9EF9307}.Release|Any CPU.Build.0 = Release|Any CPU
		{255ED572-BE0E-6BDA-0161-76327FAC8582}.Debug|Any CPU.ActiveCfg = Debug|Any CPU
		{255ED572-BE0E-6BDA-0161-76327FAC8582}.Debug|Any CPU.Build.0 = Debug|Any CPU
		{255ED572-BE0E-6BDA-0161-76327FAC8582}.Release|Any CPU.ActiveCfg = Release|Any CPU
		{255ED572-BE0E-6BDA-0161-76327FAC8582}.Release|Any CPU.Build.0 = Release|Any CPU
		{82DCEFDF-45A5-37CC-02A0-D1B1EEC2152E}.Debug|Any CPU.ActiveCfg = Debug|Any CPU
		{82DCEFDF-45A5-37CC-02A0-D1B1EEC2152E}.Debug|Any CPU.Build.0 = Debug|Any CPU
		{82DCEFDF-45A5-37CC-02A0-D1B1EEC2152E}.Release|Any CPU.ActiveCfg = Release|Any CPU
		{82DCEFDF-45A5-37CC-02A0-D1B1EEC2152E}.Release|Any CPU.Build.0 = Release|Any CPU
		{2FEA981E-D232-E302-8783-27A31B202AE9}.Debug|Any CPU.ActiveCfg = Debug|Any CPU
		{2FEA981E-D232-E302-8783-27A31B202AE9}.Debug|Any CPU.Build.0 = Debug|Any CPU
		{2FEA981E-D232-E302-8783-27A31B202AE9}.Release|Any CPU.ActiveCfg = Release|Any CPU
		{2FEA981E-D232-E302-8783-27A31B202AE9}.Release|Any CPU.Build.0 = Release|Any CPU
		{C8EB8C44-0986-CFCE-0C40-C34CFF772C8A}.Debug|Any CPU.ActiveCfg = Debug|Any CPU
		{C8EB8C44-0986-CFCE-0C40-C34CFF772C8A}.Debug|Any CPU.Build.0 = Debug|Any CPU
		{C8EB8C44-0986-CFCE-0C40-C34CFF772C8A}.Release|Any CPU.ActiveCfg = Release|Any CPU
		{C8EB8C44-0986-CFCE-0C40-C34CFF772C8A}.Release|Any CPU.Build.0 = Release|Any CPU
		{1F8E9F56-24BB-6333-F3DC-62625D99146D}.Debug|Any CPU.ActiveCfg = Debug|Any CPU
		{1F8E9F56-24BB-6333-F3DC-62625D99146D}.Debug|Any CPU.Build.0 = Debug|Any CPU
		{1F8E9F56-24BB-6333-F3DC-62625D99146D}.Release|Any CPU.ActiveCfg = Release|Any CPU
		{1F8E9F56-24BB-6333-F3DC-62625D99146D}.Release|Any CPU.Build.0 = Release|Any CPU
		{8F5454ED-C7F1-825E-A93B-B02C4E944B8C}.Debug|Any CPU.ActiveCfg = Debug|Any CPU
		{8F5454ED-C7F1-825E-A93B-B02C4E944B8C}.Debug|Any CPU.Build.0 = Debug|Any CPU
		{8F5454ED-C7F1-825E-A93B-B02C4E944B8C}.Release|Any CPU.ActiveCfg = Release|Any CPU
		{8F5454ED-C7F1-825E-A93B-B02C4E944B8C}.Release|Any CPU.Build.0 = Release|Any CPU
		{83B3A579-53F2-0AE3-3F84-4E3EAC1170B5}.Debug|Any CPU.ActiveCfg = Debug|Any CPU
		{83B3A579-53F2-0AE3-3F84-4E3EAC1170B5}.Debug|Any CPU.Build.0 = Debug|Any CPU
		{83B3A579-53F2-0AE3-3F84-4E3EAC1170B5}.Release|Any CPU.ActiveCfg = Release|Any CPU
		{83B3A579-53F2-0AE3-3F84-4E3EAC1170B5}.Release|Any CPU.Build.0 = Release|Any CPU
		{A05C2AFD-AAFF-16C3-F059-5CFDA24B367E}.Debug|Any CPU.ActiveCfg = Debug|Any CPU
		{A05C2AFD-AAFF-16C3-F059-5CFDA24B367E}.Debug|Any CPU.Build.0 = Debug|Any CPU
		{A05C2AFD-AAFF-16C3-F059-5CFDA24B367E}.Release|Any CPU.ActiveCfg = Release|Any CPU
		{A05C2AFD-AAFF-16C3-F059-5CFDA24B367E}.Release|Any CPU.Build.0 = Release|Any CPU
		{61CACC67-9F60-BFC6-92BB-E188F18EEC05}.Debug|Any CPU.ActiveCfg = Debug|Any CPU
		{61CACC67-9F60-BFC6-92BB-E188F18EEC05}.Debug|Any CPU.Build.0 = Debug|Any CPU
		{61CACC67-9F60-BFC6-92BB-E188F18EEC05}.Release|Any CPU.ActiveCfg = Release|Any CPU
		{61CACC67-9F60-BFC6-92BB-E188F18EEC05}.Release|Any CPU.Build.0 = Release|Any CPU
		{2E6C4182-39B9-7B9D-2CB2-BFB989CA84FC}.Debug|Any CPU.ActiveCfg = Debug|Any CPU
		{2E6C4182-39B9-7B9D-2CB2-BFB989CA84FC}.Debug|Any CPU.Build.0 = Debug|Any CPU
		{2E6C4182-39B9-7B9D-2CB2-BFB989CA84FC}.Release|Any CPU.ActiveCfg = Release|Any CPU
		{2E6C4182-39B9-7B9D-2CB2-BFB989CA84FC}.Release|Any CPU.Build.0 = Release|Any CPU
		{F1225939-E1A0-F7F4-CA77-8B7E416A735C}.Debug|Any CPU.ActiveCfg = Debug|Any CPU
		{F1225939-E1A0-F7F4-CA77-8B7E416A735C}.Debug|Any CPU.Build.0 = Debug|Any CPU
		{F1225939-E1A0-F7F4-CA77-8B7E416A735C}.Release|Any CPU.ActiveCfg = Release|Any CPU
		{F1225939-E1A0-F7F4-CA77-8B7E416A735C}.Release|Any CPU.Build.0 = Release|Any CPU
		{BEFD7769-B8CA-C382-DD9E-636DD8608E0D}.Debug|Any CPU.ActiveCfg = Debug|Any CPU
		{BEFD7769-B8CA-C382-DD9E-636DD8608E0D}.Debug|Any CPU.Build.0 = Debug|Any CPU
		{BEFD7769-B8CA-C382-DD9E-636DD8608E0D}.Release|Any CPU.ActiveCfg = Release|Any CPU
		{BEFD7769-B8CA-C382-DD9E-636DD8608E0D}.Release|Any CPU.Build.0 = Release|Any CPU
		{FD1A23E8-8E08-DF35-C995-9EF440290226}.Debug|Any CPU.ActiveCfg = Debug|Any CPU
		{FD1A23E8-8E08-DF35-C995-9EF440290226}.Debug|Any CPU.Build.0 = Debug|Any CPU
		{FD1A23E8-8E08-DF35-C995-9EF440290226}.Release|Any CPU.ActiveCfg = Release|Any CPU
		{FD1A23E8-8E08-DF35-C995-9EF440290226}.Release|Any CPU.Build.0 = Release|Any CPU
		{53B3F1C9-D343-A9F9-5FAB-E0E1568BAE6F}.Debug|Any CPU.ActiveCfg = Debug|Any CPU
		{53B3F1C9-D343-A9F9-5FAB-E0E1568BAE6F}.Debug|Any CPU.Build.0 = Debug|Any CPU
		{53B3F1C9-D343-A9F9-5FAB-E0E1568BAE6F}.Release|Any CPU.ActiveCfg = Release|Any CPU
		{53B3F1C9-D343-A9F9-5FAB-E0E1568BAE6F}.Release|Any CPU.Build.0 = Release|Any CPU
		{344D81B3-E728-CCF6-1234-C27A4323B325}.Debug|Any CPU.ActiveCfg = Debug|Any CPU
		{344D81B3-E728-CCF6-1234-C27A4323B325}.Debug|Any CPU.Build.0 = Debug|Any CPU
		{344D81B3-E728-CCF6-1234-C27A4323B325}.Release|Any CPU.ActiveCfg = Release|Any CPU
		{344D81B3-E728-CCF6-1234-C27A4323B325}.Release|Any CPU.Build.0 = Release|Any CPU
		{7497D19C-B8CD-0990-BD86-E588307EEE97}.Debug|Any CPU.ActiveCfg = Debug|Any CPU
		{7497D19C-B8CD-0990-BD86-E588307EEE97}.Debug|Any CPU.Build.0 = Debug|Any CPU
		{7497D19C-B8CD-0990-BD86-E588307EEE97}.Release|Any CPU.ActiveCfg = Release|Any CPU
		{7497D19C-B8CD-0990-BD86-E588307EEE97}.Release|Any CPU.Build.0 = Release|Any CPU
		{32A5CCBF-8FB3-369A-F37C-CB0355519CF1}.Debug|Any CPU.ActiveCfg = Debug|Any CPU
		{32A5CCBF-8FB3-369A-F37C-CB0355519CF1}.Debug|Any CPU.Build.0 = Debug|Any CPU
		{32A5CCBF-8FB3-369A-F37C-CB0355519CF1}.Release|Any CPU.ActiveCfg = Release|Any CPU
		{32A5CCBF-8FB3-369A-F37C-CB0355519CF1}.Release|Any CPU.Build.0 = Release|Any CPU
		{6F715E21-F821-831B-C009-51783FDC204D}.Debug|Any CPU.ActiveCfg = Debug|Any CPU
		{6F715E21-F821-831B-C009-51783FDC204D}.Debug|Any CPU.Build.0 = Debug|Any CPU
		{6F715E21-F821-831B-C009-51783FDC204D}.Release|Any CPU.ActiveCfg = Release|Any CPU
		{6F715E21-F821-831B-C009-51783FDC204D}.Release|Any CPU.Build.0 = Release|Any CPU
		{487B30DD-60D2-9618-BE25-0E5033661B22}.Debug|Any CPU.ActiveCfg = Debug|Any CPU
		{487B30DD-60D2-9618-BE25-0E5033661B22}.Debug|Any CPU.Build.0 = Debug|Any CPU
		{487B30DD-60D2-9618-BE25-0E5033661B22}.Release|Any CPU.ActiveCfg = Release|Any CPU
		{487B30DD-60D2-9618-BE25-0E5033661B22}.Release|Any CPU.Build.0 = Release|Any CPU
		{52EF297D-0CEA-A001-23A3-7FA3BBE72A2D}.Debug|Any CPU.ActiveCfg = Debug|Any CPU
		{52EF297D-0CEA-A001-23A3-7FA3BBE72A2D}.Debug|Any CPU.Build.0 = Debug|Any CPU
		{52EF297D-0CEA-A001-23A3-7FA3BBE72A2D}.Release|Any CPU.ActiveCfg = Release|Any CPU
		{52EF297D-0CEA-A001-23A3-7FA3BBE72A2D}.Release|Any CPU.Build.0 = Release|Any CPU
		{FF789D9E-46DD-3CC6-DB11-DA99D1C40BCA}.Debug|Any CPU.ActiveCfg = Debug|Any CPU
		{FF789D9E-46DD-3CC6-DB11-DA99D1C40BCA}.Debug|Any CPU.Build.0 = Debug|Any CPU
		{FF789D9E-46DD-3CC6-DB11-DA99D1C40BCA}.Release|Any CPU.ActiveCfg = Release|Any CPU
		{FF789D9E-46DD-3CC6-DB11-DA99D1C40BCA}.Release|Any CPU.Build.0 = Release|Any CPU
		{6C552633-B42E-24F2-36E7-2F51BEB8AD36}.Debug|Any CPU.ActiveCfg = Debug|Any CPU
		{6C552633-B42E-24F2-36E7-2F51BEB8AD36}.Debug|Any CPU.Build.0 = Debug|Any CPU
		{6C552633-B42E-24F2-36E7-2F51BEB8AD36}.Release|Any CPU.ActiveCfg = Release|Any CPU
		{6C552633-B42E-24F2-36E7-2F51BEB8AD36}.Release|Any CPU.Build.0 = Release|Any CPU
		{53E8E234-92F5-DB0E-720B-1D464370F787}.Debug|Any CPU.ActiveCfg = Debug|Any CPU
		{53E8E234-92F5-DB0E-720B-1D464370F787}.Debug|Any CPU.Build.0 = Debug|Any CPU
		{53E8E234-92F5-DB0E-720B-1D464370F787}.Release|Any CPU.ActiveCfg = Release|Any CPU
		{53E8E234-92F5-DB0E-720B-1D464370F787}.Release|Any CPU.Build.0 = Release|Any CPU
		{A2BEC932-98AD-8E9B-F884-D7FF54988701}.Debug|Any CPU.ActiveCfg = Debug|Any CPU
		{A2BEC932-98AD-8E9B-F884-D7FF54988701}.Debug|Any CPU.Build.0 = Debug|Any CPU
		{A2BEC932-98AD-8E9B-F884-D7FF54988701}.Release|Any CPU.ActiveCfg = Release|Any CPU
		{A2BEC932-98AD-8E9B-F884-D7FF54988701}.Release|Any CPU.Build.0 = Release|Any CPU
		{677BE2D9-58BA-7B5E-9C3D-68CF1D38C9AF}.Debug|Any CPU.ActiveCfg = Debug|Any CPU
		{677BE2D9-58BA-7B5E-9C3D-68CF1D38C9AF}.Debug|Any CPU.Build.0 = Debug|Any CPU
		{677BE2D9-58BA-7B5E-9C3D-68CF1D38C9AF}.Release|Any CPU.ActiveCfg = Release|Any CPU
		{677BE2D9-58BA-7B5E-9C3D-68CF1D38C9AF}.Release|Any CPU.Build.0 = Release|Any CPU
		{43C0D1B0-FFB6-AE2E-6E3F-DA564AE9C6BE}.Debug|Any CPU.ActiveCfg = Debug|Any CPU
		{43C0D1B0-FFB6-AE2E-6E3F-DA564AE9C6BE}.Debug|Any CPU.Build.0 = Debug|Any CPU
		{43C0D1B0-FFB6-AE2E-6E3F-DA564AE9C6BE}.Release|Any CPU.ActiveCfg = Release|Any CPU
		{43C0D1B0-FFB6-AE2E-6E3F-DA564AE9C6BE}.Release|Any CPU.Build.0 = Release|Any CPU
		{3C5FD4DC-7079-5D38-4D14-E167C2CD7E69}.Debug|Any CPU.ActiveCfg = Debug|Any CPU
		{3C5FD4DC-7079-5D38-4D14-E167C2CD7E69}.Debug|Any CPU.Build.0 = Debug|Any CPU
		{3C5FD4DC-7079-5D38-4D14-E167C2CD7E69}.Release|Any CPU.ActiveCfg = Release|Any CPU
		{3C5FD4DC-7079-5D38-4D14-E167C2CD7E69}.Release|Any CPU.Build.0 = Release|Any CPU
		{80D3BBFB-FF04-2E3B-38C9-7F16AEF3C75E}.Debug|Any CPU.ActiveCfg = Debug|Any CPU
		{80D3BBFB-FF04-2E3B-38C9-7F16AEF3C75E}.Debug|Any CPU.Build.0 = Debug|Any CPU
		{80D3BBFB-FF04-2E3B-38C9-7F16AEF3C75E}.Release|Any CPU.ActiveCfg = Release|Any CPU
		{80D3BBFB-FF04-2E3B-38C9-7F16AEF3C75E}.Release|Any CPU.Build.0 = Release|Any CPU
		{7A8B4B5C-E584-2FF1-2466-40CF6329DB57}.Debug|Any CPU.ActiveCfg = Debug|Any CPU
		{7A8B4B5C-E584-2FF1-2466-40CF6329DB57}.Debug|Any CPU.Build.0 = Debug|Any CPU
		{7A8B4B5C-E584-2FF1-2466-40CF6329DB57}.Release|Any CPU.ActiveCfg = Release|Any CPU
		{7A8B4B5C-E584-2FF1-2466-40CF6329DB57}.Release|Any CPU.Build.0 = Release|Any CPU
		{3EE9CB61-B385-9873-172F-99400BD5E404}.Debug|Any CPU.ActiveCfg = Debug|Any CPU
		{3EE9CB61-B385-9873-172F-99400BD5E404}.Debug|Any CPU.Build.0 = Debug|Any CPU
		{3EE9CB61-B385-9873-172F-99400BD5E404}.Release|Any CPU.ActiveCfg = Release|Any CPU
		{3EE9CB61-B385-9873-172F-99400BD5E404}.Release|Any CPU.Build.0 = Release|Any CPU
		{69274456-DC5B-A1D4-1A2B-1AE17A95D2BE}.Debug|Any CPU.ActiveCfg = Debug|Any CPU
		{69274456-DC5B-A1D4-1A2B-1AE17A95D2BE}.Debug|Any CPU.Build.0 = Debug|Any CPU
		{69274456-DC5B-A1D4-1A2B-1AE17A95D2BE}.Release|Any CPU.ActiveCfg = Release|Any CPU
		{69274456-DC5B-A1D4-1A2B-1AE17A95D2BE}.Release|Any CPU.Build.0 = Release|Any CPU
		{BCD55B2F-326D-1AE8-3FEF-F42DC25AB4FF}.Debug|Any CPU.ActiveCfg = Debug|Any CPU
		{BCD55B2F-326D-1AE8-3FEF-F42DC25AB4FF}.Debug|Any CPU.Build.0 = Debug|Any CPU
		{BCD55B2F-326D-1AE8-3FEF-F42DC25AB4FF}.Release|Any CPU.ActiveCfg = Release|Any CPU
		{BCD55B2F-326D-1AE8-3FEF-F42DC25AB4FF}.Release|Any CPU.Build.0 = Release|Any CPU
		{61EA23BC-001A-DFB6-5A09-63C4FDF08ABD}.Debug|Any CPU.ActiveCfg = Debug|Any CPU
		{61EA23BC-001A-DFB6-5A09-63C4FDF08ABD}.Debug|Any CPU.Build.0 = Debug|Any CPU
		{61EA23BC-001A-DFB6-5A09-63C4FDF08ABD}.Release|Any CPU.ActiveCfg = Release|Any CPU
		{61EA23BC-001A-DFB6-5A09-63C4FDF08ABD}.Release|Any CPU.Build.0 = Release|Any CPU
		{BDC38448-9E69-1348-C757-08407E5C726A}.Debug|Any CPU.ActiveCfg = Debug|Any CPU
		{BDC38448-9E69-1348-C757-08407E5C726A}.Debug|Any CPU.Build.0 = Debug|Any CPU
		{BDC38448-9E69-1348-C757-08407E5C726A}.Release|Any CPU.ActiveCfg = Release|Any CPU
		{BDC38448-9E69-1348-C757-08407E5C726A}.Release|Any CPU.Build.0 = Release|Any CPU
		{672F3BC1-9561-3665-2923-F3CC23F67DC6}.Debug|Any CPU.ActiveCfg = Debug|Any CPU
		{672F3BC1-9561-3665-2923-F3CC23F67DC6}.Debug|Any CPU.Build.0 = Debug|Any CPU
		{672F3BC1-9561-3665-2923-F3CC23F67DC6}.Release|Any CPU.ActiveCfg = Release|Any CPU
		{672F3BC1-9561-3665-2923-F3CC23F67DC6}.Release|Any CPU.Build.0 = Release|Any CPU
		{3D85B7D2-CE57-0B7E-5C9C-382A1738A62D}.Debug|Any CPU.ActiveCfg = Debug|Any CPU
		{3D85B7D2-CE57-0B7E-5C9C-382A1738A62D}.Debug|Any CPU.Build.0 = Debug|Any CPU
		{3D85B7D2-CE57-0B7E-5C9C-382A1738A62D}.Release|Any CPU.ActiveCfg = Release|Any CPU
		{3D85B7D2-CE57-0B7E-5C9C-382A1738A62D}.Release|Any CPU.Build.0 = Release|Any CPU
		{97A42DE4-278F-CE7A-B3C4-918A1441F2ED}.Debug|Any CPU.ActiveCfg = Debug|Any CPU
		{97A42DE4-278F-CE7A-B3C4-918A1441F2ED}.Debug|Any CPU.Build.0 = Debug|Any CPU
		{97A42DE4-278F-CE7A-B3C4-918A1441F2ED}.Release|Any CPU.ActiveCfg = Release|Any CPU
		{97A42DE4-278F-CE7A-B3C4-918A1441F2ED}.Release|Any CPU.Build.0 = Release|Any CPU
		{7A7FD3F5-B3E1-34D1-312C-B220B20BC298}.Debug|Any CPU.ActiveCfg = Debug|Any CPU
		{7A7FD3F5-B3E1-34D1-312C-B220B20BC298}.Debug|Any CPU.Build.0 = Debug|Any CPU
		{7A7FD3F5-B3E1-34D1-312C-B220B20BC298}.Release|Any CPU.ActiveCfg = Release|Any CPU
		{7A7FD3F5-B3E1-34D1-312C-B220B20BC298}.Release|Any CPU.Build.0 = Release|Any CPU
		{A8FB2718-62CF-34F5-76D9-AC0966267D04}.Debug|Any CPU.ActiveCfg = Debug|Any CPU
		{A8FB2718-62CF-34F5-76D9-AC0966267D04}.Debug|Any CPU.Build.0 = Debug|Any CPU
		{A8FB2718-62CF-34F5-76D9-AC0966267D04}.Release|Any CPU.ActiveCfg = Release|Any CPU
		{A8FB2718-62CF-34F5-76D9-AC0966267D04}.Release|Any CPU.Build.0 = Release|Any CPU
		{F55D6066-A651-428A-23AC-EE140DF95C23}.Debug|Any CPU.ActiveCfg = Debug|Any CPU
		{F55D6066-A651-428A-23AC-EE140DF95C23}.Debug|Any CPU.Build.0 = Debug|Any CPU
		{F55D6066-A651-428A-23AC-EE140DF95C23}.Release|Any CPU.ActiveCfg = Release|Any CPU
		{F55D6066-A651-428A-23AC-EE140DF95C23}.Release|Any CPU.Build.0 = Release|Any CPU
		{8CBDA162-0E5B-A871-35F9-7134E763F60F}.Debug|Any CPU.ActiveCfg = Debug|Any CPU
		{8CBDA162-0E5B-A871-35F9-7134E763F60F}.Debug|Any CPU.Build.0 = Debug|Any CPU
		{8CBDA162-0E5B-A871-35F9-7134E763F60F}.Release|Any CPU.ActiveCfg = Release|Any CPU
		{8CBDA162-0E5B-A871-35F9-7134E763F60F}.Release|Any CPU.Build.0 = Release|Any CPU
		{1A30E49F-C6BC-B602-ECD3-79B49BA3765E}.Debug|Any CPU.ActiveCfg = Debug|Any CPU
		{1A30E49F-C6BC-B602-ECD3-79B49BA3765E}.Debug|Any CPU.Build.0 = Debug|Any CPU
		{1A30E49F-C6BC-B602-ECD3-79B49BA3765E}.Release|Any CPU.ActiveCfg = Release|Any CPU
		{1A30E49F-C6BC-B602-ECD3-79B49BA3765E}.Release|Any CPU.Build.0 = Release|Any CPU
		{CA68A33D-DD69-70AF-2E64-480D86302B48}.Debug|Any CPU.ActiveCfg = Debug|Any CPU
		{CA68A33D-DD69-70AF-2E64-480D86302B48}.Debug|Any CPU.Build.0 = Debug|Any CPU
		{CA68A33D-DD69-70AF-2E64-480D86302B48}.Release|Any CPU.ActiveCfg = Release|Any CPU
		{CA68A33D-DD69-70AF-2E64-480D86302B48}.Release|Any CPU.Build.0 = Release|Any CPU
		{775FADAD-D261-DE2C-6B80-CC46B747677F}.Debug|Any CPU.ActiveCfg = Debug|Any CPU
		{775FADAD-D261-DE2C-6B80-CC46B747677F}.Debug|Any CPU.Build.0 = Debug|Any CPU
		{775FADAD-D261-DE2C-6B80-CC46B747677F}.Release|Any CPU.ActiveCfg = Release|Any CPU
		{775FADAD-D261-DE2C-6B80-CC46B747677F}.Release|Any CPU.Build.0 = Release|Any CPU
		{B63D50A1-78B5-7202-041A-A91725999E63}.Debug|Any CPU.ActiveCfg = Debug|Any CPU
		{B63D50A1-78B5-7202-041A-A91725999E63}.Debug|Any CPU.Build.0 = Debug|Any CPU
		{B63D50A1-78B5-7202-041A-A91725999E63}.Release|Any CPU.ActiveCfg = Release|Any CPU
		{B63D50A1-78B5-7202-041A-A91725999E63}.Release|Any CPU.Build.0 = Release|Any CPU
		{578C8D43-7777-81BC-21A4-C92293AFEF98}.Debug|Any CPU.ActiveCfg = Debug|Any CPU
		{578C8D43-7777-81BC-21A4-C92293AFEF98}.Debug|Any CPU.Build.0 = Debug|Any CPU
		{578C8D43-7777-81BC-21A4-C92293AFEF98}.Release|Any CPU.ActiveCfg = Release|Any CPU
		{578C8D43-7777-81BC-21A4-C92293AFEF98}.Release|Any CPU.Build.0 = Release|Any CPU
		{8C12E26F-B392-4468-3355-98E3B4EE46F9}.Debug|Any CPU.ActiveCfg = Debug|Any CPU
		{8C12E26F-B392-4468-3355-98E3B4EE46F9}.Debug|Any CPU.Build.0 = Debug|Any CPU
		{8C12E26F-B392-4468-3355-98E3B4EE46F9}.Release|Any CPU.ActiveCfg = Release|Any CPU
		{8C12E26F-B392-4468-3355-98E3B4EE46F9}.Release|Any CPU.Build.0 = Release|Any CPU
		{EDAB6C19-FCD5-E915-08B6-D2ACA0181B0A}.Debug|Any CPU.ActiveCfg = Debug|Any CPU
		{EDAB6C19-FCD5-E915-08B6-D2ACA0181B0A}.Debug|Any CPU.Build.0 = Debug|Any CPU
		{EDAB6C19-FCD5-E915-08B6-D2ACA0181B0A}.Release|Any CPU.ActiveCfg = Release|Any CPU
		{EDAB6C19-FCD5-E915-08B6-D2ACA0181B0A}.Release|Any CPU.Build.0 = Release|Any CPU
		{CEE6D8F2-B1B2-5056-A11C-9514737DF8D1}.Debug|Any CPU.ActiveCfg = Debug|Any CPU
		{CEE6D8F2-B1B2-5056-A11C-9514737DF8D1}.Debug|Any CPU.Build.0 = Debug|Any CPU
		{CEE6D8F2-B1B2-5056-A11C-9514737DF8D1}.Release|Any CPU.ActiveCfg = Release|Any CPU
		{CEE6D8F2-B1B2-5056-A11C-9514737DF8D1}.Release|Any CPU.Build.0 = Release|Any CPU
		{9C96B20C-C334-660B-67E2-84B189F6A0DB}.Debug|Any CPU.ActiveCfg = Debug|Any CPU
		{9C96B20C-C334-660B-67E2-84B189F6A0DB}.Debug|Any CPU.Build.0 = Debug|Any CPU
		{9C96B20C-C334-660B-67E2-84B189F6A0DB}.Release|Any CPU.ActiveCfg = Release|Any CPU
		{9C96B20C-C334-660B-67E2-84B189F6A0DB}.Release|Any CPU.Build.0 = Release|Any CPU
		{F808F0EA-95A4-88FE-5153-BDB5317811C4}.Debug|Any CPU.ActiveCfg = Debug|Any CPU
		{F808F0EA-95A4-88FE-5153-BDB5317811C4}.Debug|Any CPU.Build.0 = Debug|Any CPU
		{F808F0EA-95A4-88FE-5153-BDB5317811C4}.Release|Any CPU.ActiveCfg = Release|Any CPU
		{F808F0EA-95A4-88FE-5153-BDB5317811C4}.Release|Any CPU.Build.0 = Release|Any CPU
		{079FEDAA-6669-27CC-280D-0E6CC0860918}.Debug|Any CPU.ActiveCfg = Debug|Any CPU
		{079FEDAA-6669-27CC-280D-0E6CC0860918}.Debug|Any CPU.Build.0 = Debug|Any CPU
		{079FEDAA-6669-27CC-280D-0E6CC0860918}.Release|Any CPU.ActiveCfg = Release|Any CPU
		{079FEDAA-6669-27CC-280D-0E6CC0860918}.Release|Any CPU.Build.0 = Release|Any CPU
		{B530A5B2-D32D-F4C4-6190-F8FDDA0A2C12}.Debug|Any CPU.ActiveCfg = Debug|Any CPU
		{B530A5B2-D32D-F4C4-6190-F8FDDA0A2C12}.Debug|Any CPU.Build.0 = Debug|Any CPU
		{B530A5B2-D32D-F4C4-6190-F8FDDA0A2C12}.Release|Any CPU.ActiveCfg = Release|Any CPU
		{B530A5B2-D32D-F4C4-6190-F8FDDA0A2C12}.Release|Any CPU.Build.0 = Release|Any CPU
		{297FB347-DFA6-D0C3-AA87-287D23BC7381}.Debug|Any CPU.ActiveCfg = Debug|Any CPU
		{297FB347-DFA6-D0C3-AA87-287D23BC7381}.Debug|Any CPU.Build.0 = Debug|Any CPU
		{297FB347-DFA6-D0C3-AA87-287D23BC7381}.Release|Any CPU.ActiveCfg = Release|Any CPU
		{297FB347-DFA6-D0C3-AA87-287D23BC7381}.Release|Any CPU.Build.0 = Release|Any CPU
		{6442956A-8EE7-62B3-26F0-CE8B2BB94D91}.Debug|Any CPU.ActiveCfg = Debug|Any CPU
		{6442956A-8EE7-62B3-26F0-CE8B2BB94D91}.Debug|Any CPU.Build.0 = Debug|Any CPU
		{6442956A-8EE7-62B3-26F0-CE8B2BB94D91}.Release|Any CPU.ActiveCfg = Release|Any CPU
		{6442956A-8EE7-62B3-26F0-CE8B2BB94D91}.Release|Any CPU.Build.0 = Release|Any CPU
		{9E58A605-44B6-DAAC-C3F9-872020BC7E41}.Debug|Any CPU.ActiveCfg = Debug|Any CPU
		{9E58A605-44B6-DAAC-C3F9-872020BC7E41}.Debug|Any CPU.Build.0 = Debug|Any CPU
		{9E58A605-44B6-DAAC-C3F9-872020BC7E41}.Release|Any CPU.ActiveCfg = Release|Any CPU
		{9E58A605-44B6-DAAC-C3F9-872020BC7E41}.Release|Any CPU.Build.0 = Release|Any CPU
		{30998244-FF66-D55D-F768-80608AD49C3B}.Debug|Any CPU.ActiveCfg = Debug|Any CPU
		{30998244-FF66-D55D-F768-80608AD49C3B}.Debug|Any CPU.Build.0 = Debug|Any CPU
		{30998244-FF66-D55D-F768-80608AD49C3B}.Release|Any CPU.ActiveCfg = Release|Any CPU
		{30998244-FF66-D55D-F768-80608AD49C3B}.Release|Any CPU.Build.0 = Release|Any CPU
		{855F6F25-67B6-B0D4-3085-D10FAE2EE70F}.Debug|Any CPU.ActiveCfg = Debug|Any CPU
		{855F6F25-67B6-B0D4-3085-D10FAE2EE70F}.Debug|Any CPU.Build.0 = Debug|Any CPU
		{855F6F25-67B6-B0D4-3085-D10FAE2EE70F}.Release|Any CPU.ActiveCfg = Release|Any CPU
		{855F6F25-67B6-B0D4-3085-D10FAE2EE70F}.Release|Any CPU.Build.0 = Release|Any CPU
		{A434E438-2CF0-6B7B-1F9F-133D5833B6A6}.Debug|Any CPU.ActiveCfg = Debug|Any CPU
		{A434E438-2CF0-6B7B-1F9F-133D5833B6A6}.Debug|Any CPU.Build.0 = Debug|Any CPU
		{A434E438-2CF0-6B7B-1F9F-133D5833B6A6}.Release|Any CPU.ActiveCfg = Release|Any CPU
		{A434E438-2CF0-6B7B-1F9F-133D5833B6A6}.Release|Any CPU.Build.0 = Release|Any CPU
		{7DC2C945-336D-E643-D7D3-2BC03DECC502}.Debug|Any CPU.ActiveCfg = Debug|Any CPU
		{7DC2C945-336D-E643-D7D3-2BC03DECC502}.Debug|Any CPU.Build.0 = Debug|Any CPU
		{7DC2C945-336D-E643-D7D3-2BC03DECC502}.Release|Any CPU.ActiveCfg = Release|Any CPU
		{7DC2C945-336D-E643-D7D3-2BC03DECC502}.Release|Any CPU.Build.0 = Release|Any CPU
	EndGlobalSection
	GlobalSection(SolutionProperties) = preSolution
		HideSolutionNode = FALSE
	EndGlobalSection
EndGlobal
